
Microsoft Visual Studio Solution File, Format Version 12.00
# Visual Studio Version 17
VisualStudioVersion = 17.5.002.0
MinimumVisualStudioVersion = 10.0.40219.1
Project("{9A19103F-16F7-4668-BE54-9A1E7A4F7556}") = "MetodosAdicionais", "MetodosAdicionais.csproj", "{59CA509A-C858-475D-9E8E-4ABA55B8853C}"
EndProject
Global
	GlobalSection(SolutionConfigurationPlatforms) = preSolution
		Debug|Any CPU = Debug|Any CPU
		Release|Any CPU = Release|Any CPU
	EndGlobalSection
	GlobalSection(ProjectConfigurationPlatforms) = postSolution
		{59CA509A-C858-475D-9E8E-4ABA55B8853C}.Debug|Any CPU.ActiveCfg = Debug|Any CPU
		{59CA509A-C858-475D-9E8E-4ABA55B8853C}.Debug|Any CPU.Build.0 = Debug|Any CPU
		{59CA509A-C858-475D-9E8E-4ABA55B8853C}.Release|Any CPU.ActiveCfg = Release|Any CPU
		{59CA509A-C858-475D-9E8E-4ABA55B8853C}.Release|Any CPU.Build.0 = Release|Any CPU
	EndGlobalSection
	GlobalSection(SolutionProperties) = preSolution
		HideSolutionNode = FALSE
	EndGlobalSection
	GlobalSection(ExtensibilityGlobals) = postSolution
		SolutionGuid = {1B9541CD-DD87-4199-AD32-6C970E34EC3A}
	EndGlobalSection
EndGlobal
